// !$*UTF8*$!
{
	archiveVersion = 1;
	classes = {
	};
	objectVersion = 55;
	objects = {

/* Begin PBXBuildFile section */
		552C69F1270560A000305CB9 /* AppDelegate.swift in Sources */ = {isa = PBXBuildFile; fileRef = 552C69F0270560A000305CB9 /* AppDelegate.swift */; };
		552C69F3270560A000305CB9 /* SceneDelegate.swift in Sources */ = {isa = PBXBuildFile; fileRef = 552C69F2270560A000305CB9 /* SceneDelegate.swift */; };
		552C69F8270560A000305CB9 /* Main.storyboard in Resources */ = {isa = PBXBuildFile; fileRef = 552C69F6270560A000305CB9 /* Main.storyboard */; };
		552C69FA270560A100305CB9 /* Assets.xcassets in Resources */ = {isa = PBXBuildFile; fileRef = 552C69F9270560A100305CB9 /* Assets.xcassets */; };
		552C69FD270560A100305CB9 /* LaunchScreen.storyboard in Resources */ = {isa = PBXBuildFile; fileRef = 552C69FB270560A100305CB9 /* LaunchScreen.storyboard */; };
		552C6A08270560A100305CB9 /* MultipleProjectTests.swift in Sources */ = {isa = PBXBuildFile; fileRef = 552C6A07270560A100305CB9 /* MultipleProjectTests.swift */; };
		552C6A12270560A100305CB9 /* MultipleProjectUITests.swift in Sources */ = {isa = PBXBuildFile; fileRef = 552C6A11270560A100305CB9 /* MultipleProjectUITests.swift */; };
		552C6A14270560A100305CB9 /* MultipleProjectUITestsLaunchTests.swift in Sources */ = {isa = PBXBuildFile; fileRef = 552C6A13270560A100305CB9 /* MultipleProjectUITestsLaunchTests.swift */; };
		552C6A2127056D8000305CB9 /* CalculatorViewController.swift in Sources */ = {isa = PBXBuildFile; fileRef = 552C6A2027056D8000305CB9 /* CalculatorViewController.swift */; };
		552C6A2327056E0B00305CB9 /* CalculatorView.swift in Sources */ = {isa = PBXBuildFile; fileRef = 552C6A2227056E0B00305CB9 /* CalculatorView.swift */; };
		552C6A2727056F7C00305CB9 /* CalculatorViewControllerDelegate.swift in Sources */ = {isa = PBXBuildFile; fileRef = 552C6A2627056F7C00305CB9 /* CalculatorViewControllerDelegate.swift */; };
		552C6A29270572C100305CB9 /* Calculator.swift in Sources */ = {isa = PBXBuildFile; fileRef = 552C6A28270572C100305CB9 /* Calculator.swift */; };
/* End PBXBuildFile section */

/* Begin PBXContainerItemProxy section */
		552C6A04270560A100305CB9 /* PBXContainerItemProxy */ = {
			isa = PBXContainerItemProxy;
			containerPortal = 552C69E5270560A000305CB9 /* Project object */;
			proxyType = 1;
			remoteGlobalIDString = 552C69EC270560A000305CB9;
			remoteInfo = MultipleProject;
		};
		552C6A0E270560A100305CB9 /* PBXContainerItemProxy */ = {
			isa = PBXContainerItemProxy;
			containerPortal = 552C69E5270560A000305CB9 /* Project object */;
			proxyType = 1;
			remoteGlobalIDString = 552C69EC270560A000305CB9;
			remoteInfo = MultipleProject;
		};
/* End PBXContainerItemProxy section */

/* Begin PBXFileReference section */
		552C69ED270560A000305CB9 /* MultipleProject.app */ = {isa = PBXFileReference; explicitFileType = wrapper.application; includeInIndex = 0; path = MultipleProject.app; sourceTree = BUILT_PRODUCTS_DIR; };
		552C69F0270560A000305CB9 /* AppDelegate.swift */ = {isa = PBXFileReference; lastKnownFileType = sourcecode.swift; path = AppDelegate.swift; sourceTree = "<group>"; };
		552C69F2270560A000305CB9 /* SceneDelegate.swift */ = {isa = PBXFileReference; lastKnownFileType = sourcecode.swift; path = SceneDelegate.swift; sourceTree = "<group>"; };
		552C69F7270560A000305CB9 /* Base */ = {isa = PBXFileReference; lastKnownFileType = file.storyboard; name = Base; path = Base.lproj/Main.storyboard; sourceTree = "<group>"; };
		552C69F9270560A100305CB9 /* Assets.xcassets */ = {isa = PBXFileReference; lastKnownFileType = folder.assetcatalog; path = Assets.xcassets; sourceTree = "<group>"; };
		552C69FC270560A100305CB9 /* Base */ = {isa = PBXFileReference; lastKnownFileType = file.storyboard; name = Base; path = Base.lproj/LaunchScreen.storyboard; sourceTree = "<group>"; };
		552C69FE270560A100305CB9 /* Info.plist */ = {isa = PBXFileReference; lastKnownFileType = text.plist.xml; path = Info.plist; sourceTree = "<group>"; };
		552C6A03270560A100305CB9 /* MultipleProjectTests.xctest */ = {isa = PBXFileReference; explicitFileType = wrapper.cfbundle; includeInIndex = 0; path = MultipleProjectTests.xctest; sourceTree = BUILT_PRODUCTS_DIR; };
		552C6A07270560A100305CB9 /* MultipleProjectTests.swift */ = {isa = PBXFileReference; lastKnownFileType = sourcecode.swift; path = MultipleProjectTests.swift; sourceTree = "<group>"; };
		552C6A0D270560A100305CB9 /* MultipleProjectUITests.xctest */ = {isa = PBXFileReference; explicitFileType = wrapper.cfbundle; includeInIndex = 0; path = MultipleProjectUITests.xctest; sourceTree = BUILT_PRODUCTS_DIR; };
		552C6A11270560A100305CB9 /* MultipleProjectUITests.swift */ = {isa = PBXFileReference; lastKnownFileType = sourcecode.swift; path = MultipleProjectUITests.swift; sourceTree = "<group>"; };
		552C6A13270560A100305CB9 /* MultipleProjectUITestsLaunchTests.swift */ = {isa = PBXFileReference; lastKnownFileType = sourcecode.swift; path = MultipleProjectUITestsLaunchTests.swift; sourceTree = "<group>"; };
		552C6A2027056D8000305CB9 /* CalculatorViewController.swift */ = {isa = PBXFileReference; lastKnownFileType = sourcecode.swift; path = CalculatorViewController.swift; sourceTree = "<group>"; };
		552C6A2227056E0B00305CB9 /* CalculatorView.swift */ = {isa = PBXFileReference; lastKnownFileType = sourcecode.swift; path = CalculatorView.swift; sourceTree = "<group>"; };
		552C6A2627056F7C00305CB9 /* CalculatorViewControllerDelegate.swift */ = {isa = PBXFileReference; lastKnownFileType = sourcecode.swift; path = CalculatorViewControllerDelegate.swift; sourceTree = "<group>"; };
		552C6A28270572C100305CB9 /* Calculator.swift */ = {isa = PBXFileReference; lastKnownFileType = sourcecode.swift; path = Calculator.swift; sourceTree = "<group>"; };
/* End PBXFileReference section */

/* Begin PBXFrameworksBuildPhase section */
		552C69EA270560A000305CB9 /* Frameworks */ = {
			isa = PBXFrameworksBuildPhase;
			buildActionMask = 2147483647;
			files = (
			);
			runOnlyForDeploymentPostprocessing = 0;
		};
		552C6A00270560A100305CB9 /* Frameworks */ = {
			isa = PBXFrameworksBuildPhase;
			buildActionMask = 2147483647;
			files = (
			);
			runOnlyForDeploymentPostprocessing = 0;
		};
		552C6A0A270560A100305CB9 /* Frameworks */ = {
			isa = PBXFrameworksBuildPhase;
			buildActionMask = 2147483647;
			files = (
			);
			runOnlyForDeploymentPostprocessing = 0;
		};
/* End PBXFrameworksBuildPhase section */

/* Begin PBXGroup section */
		552C69E4270560A000305CB9 = {
			isa = PBXGroup;
			children = (
				552C69EF270560A000305CB9 /* MultipleProject */,
				552C6A06270560A100305CB9 /* MultipleProjectTests */,
				552C6A10270560A100305CB9 /* MultipleProjectUITests */,
				552C69EE270560A000305CB9 /* Products */,
			);
			sourceTree = "<group>";
		};
		552C69EE270560A000305CB9 /* Products */ = {
			isa = PBXGroup;
			children = (
				552C69ED270560A000305CB9 /* MultipleProject.app */,
				552C6A03270560A100305CB9 /* MultipleProjectTests.xctest */,
				552C6A0D270560A100305CB9 /* MultipleProjectUITests.xctest */,
			);
			name = Products;
			sourceTree = "<group>";
		};
		552C69EF270560A000305CB9 /* MultipleProject */ = {
			isa = PBXGroup;
			children = (
				552C69F0270560A000305CB9 /* AppDelegate.swift */,
				552C69F2270560A000305CB9 /* SceneDelegate.swift */,
				552C69F9270560A100305CB9 /* Assets.xcassets */,
				552C69FB270560A100305CB9 /* LaunchScreen.storyboard */,
				552C69FE270560A100305CB9 /* Info.plist */,
				552C6A2A2705732E00305CB9 /* Calculator */,
			);
			path = MultipleProject;
			sourceTree = "<group>";
		};
		552C6A06270560A100305CB9 /* MultipleProjectTests */ = {
			isa = PBXGroup;
			children = (
				552C6A07270560A100305CB9 /* MultipleProjectTests.swift */,
			);
			path = MultipleProjectTests;
			sourceTree = "<group>";
		};
		552C6A10270560A100305CB9 /* MultipleProjectUITests */ = {
			isa = PBXGroup;
			children = (
				552C6A11270560A100305CB9 /* MultipleProjectUITests.swift */,
				552C6A13270560A100305CB9 /* MultipleProjectUITestsLaunchTests.swift */,
			);
			path = MultipleProjectUITests;
			sourceTree = "<group>";
		};
		552C6A2A2705732E00305CB9 /* Calculator */ = {
			isa = PBXGroup;
			children = (
				552C6A2B2705733500305CB9 /* Model */,
				552C6A2C2705733F00305CB9 /* View */,
				552C6A2D2705734500305CB9 /* Controller */,
			);
			path = Calculator;
			sourceTree = "<group>";
		};
		552C6A2B2705733500305CB9 /* Model */ = {
			isa = PBXGroup;
			children = (
				552C6A28270572C100305CB9 /* Calculator.swift */,
			);
			path = Model;
			sourceTree = "<group>";
		};
		552C6A2C2705733F00305CB9 /* View */ = {
			isa = PBXGroup;
			children = (
				552C6A2227056E0B00305CB9 /* CalculatorView.swift */,
				552C69F6270560A000305CB9 /* Main.storyboard */,
			);
			path = View;
			sourceTree = "<group>";
		};
		552C6A2D2705734500305CB9 /* Controller */ = {
			isa = PBXGroup;
			children = (
				552C6A2627056F7C00305CB9 /* CalculatorViewControllerDelegate.swift */,
				552C6A2027056D8000305CB9 /* CalculatorViewController.swift */,
			);
			path = Controller;
			sourceTree = "<group>";
		};
/* End PBXGroup section */

/* Begin PBXNativeTarget section */
		552C69EC270560A000305CB9 /* MultipleProject */ = {
			isa = PBXNativeTarget;
			buildConfigurationList = 552C6A17270560A100305CB9 /* Build configuration list for PBXNativeTarget "MultipleProject" */;
			buildPhases = (
				552C69E9270560A000305CB9 /* Sources */,
				552C69EA270560A000305CB9 /* Frameworks */,
				552C69EB270560A000305CB9 /* Resources */,
				552C6A2E27057D7D00305CB9 /* ShellScript */,
			);
			buildRules = (
			);
			dependencies = (
			);
			name = MultipleProject;
			productName = MultipleProject;
			productReference = 552C69ED270560A000305CB9 /* MultipleProject.app */;
			productType = "com.apple.product-type.application";
		};
		552C6A02270560A100305CB9 /* MultipleProjectTests */ = {
			isa = PBXNativeTarget;
			buildConfigurationList = 552C6A1A270560A100305CB9 /* Build configuration list for PBXNativeTarget "MultipleProjectTests" */;
			buildPhases = (
				552C69FF270560A100305CB9 /* Sources */,
				552C6A00270560A100305CB9 /* Frameworks */,
				552C6A01270560A100305CB9 /* Resources */,
			);
			buildRules = (
			);
			dependencies = (
				552C6A05270560A100305CB9 /* PBXTargetDependency */,
			);
			name = MultipleProjectTests;
			productName = MultipleProjectTests;
			productReference = 552C6A03270560A100305CB9 /* MultipleProjectTests.xctest */;
			productType = "com.apple.product-type.bundle.unit-test";
		};
		552C6A0C270560A100305CB9 /* MultipleProjectUITests */ = {
			isa = PBXNativeTarget;
			buildConfigurationList = 552C6A1D270560A100305CB9 /* Build configuration list for PBXNativeTarget "MultipleProjectUITests" */;
			buildPhases = (
				552C6A09270560A100305CB9 /* Sources */,
				552C6A0A270560A100305CB9 /* Frameworks */,
				552C6A0B270560A100305CB9 /* Resources */,
			);
			buildRules = (
			);
			dependencies = (
				552C6A0F270560A100305CB9 /* PBXTargetDependency */,
			);
			name = MultipleProjectUITests;
			productName = MultipleProjectUITests;
			productReference = 552C6A0D270560A100305CB9 /* MultipleProjectUITests.xctest */;
			productType = "com.apple.product-type.bundle.ui-testing";
		};
/* End PBXNativeTarget section */

/* Begin PBXProject section */
		552C69E5270560A000305CB9 /* Project object */ = {
			isa = PBXProject;
			attributes = {
				BuildIndependentTargetsInParallel = 1;
				LastSwiftUpdateCheck = 1300;
				LastUpgradeCheck = 1300;
				TargetAttributes = {
					552C69EC270560A000305CB9 = {
						CreatedOnToolsVersion = 13.0;
					};
					552C6A02270560A100305CB9 = {
						CreatedOnToolsVersion = 13.0;
						TestTargetID = 552C69EC270560A000305CB9;
					};
					552C6A0C270560A100305CB9 = {
						CreatedOnToolsVersion = 13.0;
						TestTargetID = 552C69EC270560A000305CB9;
					};
				};
			};
			buildConfigurationList = 552C69E8270560A000305CB9 /* Build configuration list for PBXProject "MultipleProject" */;
			compatibilityVersion = "Xcode 13.0";
			developmentRegion = en;
			hasScannedForEncodings = 0;
			knownRegions = (
				en,
				Base,
			);
			mainGroup = 552C69E4270560A000305CB9;
			productRefGroup = 552C69EE270560A000305CB9 /* Products */;
			projectDirPath = "";
			projectRoot = "";
			targets = (
				552C69EC270560A000305CB9 /* MultipleProject */,
				552C6A02270560A100305CB9 /* MultipleProjectTests */,
				552C6A0C270560A100305CB9 /* MultipleProjectUITests */,
			);
		};
/* End PBXProject section */

/* Begin PBXResourcesBuildPhase section */
		552C69EB270560A000305CB9 /* Resources */ = {
			isa = PBXResourcesBuildPhase;
			buildActionMask = 2147483647;
			files = (
				552C69FD270560A100305CB9 /* LaunchScreen.storyboard in Resources */,
				552C69FA270560A100305CB9 /* Assets.xcassets in Resources */,
				552C69F8270560A000305CB9 /* Main.storyboard in Resources */,
			);
			runOnlyForDeploymentPostprocessing = 0;
		};
		552C6A01270560A100305CB9 /* Resources */ = {
			isa = PBXResourcesBuildPhase;
			buildActionMask = 2147483647;
			files = (
			);
			runOnlyForDeploymentPostprocessing = 0;
		};
		552C6A0B270560A100305CB9 /* Resources */ = {
			isa = PBXResourcesBuildPhase;
			buildActionMask = 2147483647;
			files = (
			);
			runOnlyForDeploymentPostprocessing = 0;
		};
/* End PBXResourcesBuildPhase section */

/* Begin PBXShellScriptBuildPhase section */
		552C6A2E27057D7D00305CB9 /* ShellScript */ = {
			isa = PBXShellScriptBuildPhase;
			buildActionMask = 2147483647;
			files = (
			);
			inputFileListPaths = (
			);
			inputPaths = (
			);
			outputFileListPaths = (
			);
			outputPaths = (
			);
			runOnlyForDeploymentPostprocessing = 0;
			shellPath = /bin/sh;
			shellScript = "if which swiftlint >/dev/null; then\n  swiftlint\nelse\n  echo \"warning: SwiftLint not installed, download from https://github.com/realm/SwiftLint\"\nfi\n";
		};
/* End PBXShellScriptBuildPhase section */

/* Begin PBXSourcesBuildPhase section */
		552C69E9270560A000305CB9 /* Sources */ = {
			isa = PBXSourcesBuildPhase;
			buildActionMask = 2147483647;
			files = (
				552C6A2727056F7C00305CB9 /* CalculatorViewControllerDelegate.swift in Sources */,
				552C6A2327056E0B00305CB9 /* CalculatorView.swift in Sources */,
				552C69F1270560A000305CB9 /* AppDelegate.swift in Sources */,
				552C6A29270572C100305CB9 /* Calculator.swift in Sources */,
				552C6A2127056D8000305CB9 /* CalculatorViewController.swift in Sources */,
				552C69F3270560A000305CB9 /* SceneDelegate.swift in Sources */,
			);
			runOnlyForDeploymentPostprocessing = 0;
		};
		552C69FF270560A100305CB9 /* Sources */ = {
			isa = PBXSourcesBuildPhase;
			buildActionMask = 2147483647;
			files = (
				552C6A08270560A100305CB9 /* MultipleProjectTests.swift in Sources */,
			);
			runOnlyForDeploymentPostprocessing = 0;
		};
		552C6A09270560A100305CB9 /* Sources */ = {
			isa = PBXSourcesBuildPhase;
			buildActionMask = 2147483647;
			files = (
				552C6A14270560A100305CB9 /* MultipleProjectUITestsLaunchTests.swift in Sources */,
				552C6A12270560A100305CB9 /* MultipleProjectUITests.swift in Sources */,
			);
			runOnlyForDeploymentPostprocessing = 0;
		};
/* End PBXSourcesBuildPhase section */

/* Begin PBXTargetDependency section */
		552C6A05270560A100305CB9 /* PBXTargetDependency */ = {
			isa = PBXTargetDependency;
			target = 552C69EC270560A000305CB9 /* MultipleProject */;
			targetProxy = 552C6A04270560A100305CB9 /* PBXContainerItemProxy */;
		};
		552C6A0F270560A100305CB9 /* PBXTargetDependency */ = {
			isa = PBXTargetDependency;
			target = 552C69EC270560A000305CB9 /* MultipleProject */;
			targetProxy = 552C6A0E270560A100305CB9 /* PBXContainerItemProxy */;
		};
/* End PBXTargetDependency section */

/* Begin PBXVariantGroup section */
		552C69F6270560A000305CB9 /* Main.storyboard */ = {
			isa = PBXVariantGroup;
			children = (
				552C69F7270560A000305CB9 /* Base */,
			);
			name = Main.storyboard;
			sourceTree = "<group>";
		};
		552C69FB270560A100305CB9 /* LaunchScreen.storyboard */ = {
			isa = PBXVariantGroup;
			children = (
				552C69FC270560A100305CB9 /* Base */,
			);
			name = LaunchScreen.storyboard;
			sourceTree = "<group>";
		};
/* End PBXVariantGroup section */

/* Begin XCBuildConfiguration section */
		552C6A15270560A100305CB9 /* Debug */ = {
			isa = XCBuildConfiguration;
			buildSettings = {
				ALWAYS_SEARCH_USER_PATHS = NO;
				CLANG_ANALYZER_NONNULL = YES;
				CLANG_ANALYZER_NUMBER_OBJECT_CONVERSION = YES_AGGRESSIVE;
				CLANG_CXX_LANGUAGE_STANDARD = "gnu++17";
				CLANG_CXX_LIBRARY = "libc++";
				CLANG_ENABLE_MODULES = YES;
				CLANG_ENABLE_OBJC_ARC = YES;
				CLANG_ENABLE_OBJC_WEAK = YES;
				CLANG_WARN_BLOCK_CAPTURE_AUTORELEASING = YES;
				CLANG_WARN_BOOL_CONVERSION = YES;
				CLANG_WARN_COMMA = YES;
				CLANG_WARN_CONSTANT_CONVERSION = YES;
				CLANG_WARN_DEPRECATED_OBJC_IMPLEMENTATIONS = YES;
				CLANG_WARN_DIRECT_OBJC_ISA_USAGE = YES_ERROR;
				CLANG_WARN_DOCUMENTATION_COMMENTS = YES;
				CLANG_WARN_EMPTY_BODY = YES;
				CLANG_WARN_ENUM_CONVERSION = YES;
				CLANG_WARN_INFINITE_RECURSION = YES;
				CLANG_WARN_INT_CONVERSION = YES;
				CLANG_WARN_NON_LITERAL_NULL_CONVERSION = YES;
				CLANG_WARN_OBJC_IMPLICIT_RETAIN_SELF = YES;
				CLANG_WARN_OBJC_LITERAL_CONVERSION = YES;
				CLANG_WARN_OBJC_ROOT_CLASS = YES_ERROR;
				CLANG_WARN_QUOTED_INCLUDE_IN_FRAMEWORK_HEADER = YES;
				CLANG_WARN_RANGE_LOOP_ANALYSIS = YES;
				CLANG_WARN_STRICT_PROTOTYPES = YES;
				CLANG_WARN_SUSPICIOUS_MOVE = YES;
				CLANG_WARN_UNGUARDED_AVAILABILITY = YES_AGGRESSIVE;
				CLANG_WARN_UNREACHABLE_CODE = YES;
				CLANG_WARN__DUPLICATE_METHOD_MATCH = YES;
				COPY_PHASE_STRIP = NO;
				DEBUG_INFORMATION_FORMAT = dwarf;
				ENABLE_STRICT_OBJC_MSGSEND = YES;
				ENABLE_TESTABILITY = YES;
				GCC_C_LANGUAGE_STANDARD = gnu11;
				GCC_DYNAMIC_NO_PIC = NO;
				GCC_NO_COMMON_BLOCKS = YES;
				GCC_OPTIMIZATION_LEVEL = 0;
				GCC_PREPROCESSOR_DEFINITIONS = (
					"DEBUG=1",
					"$(inherited)",
				);
				GCC_WARN_64_TO_32_BIT_CONVERSION = YES;
				GCC_WARN_ABOUT_RETURN_TYPE = YES_ERROR;
				GCC_WARN_UNDECLARED_SELECTOR = YES;
				GCC_WARN_UNINITIALIZED_AUTOS = YES_AGGRESSIVE;
				GCC_WARN_UNUSED_FUNCTION = YES;
				GCC_WARN_UNUSED_VARIABLE = YES;
				IPHONEOS_DEPLOYMENT_TARGET = 15.0;
				MTL_ENABLE_DEBUG_INFO = INCLUDE_SOURCE;
				MTL_FAST_MATH = YES;
				ONLY_ACTIVE_ARCH = YES;
				SDKROOT = iphoneos;
				SWIFT_ACTIVE_COMPILATION_CONDITIONS = DEBUG;
				SWIFT_OPTIMIZATION_LEVEL = "-Onone";
			};
			name = Debug;
		};
		552C6A16270560A100305CB9 /* Release */ = {
			isa = XCBuildConfiguration;
			buildSettings = {
				ALWAYS_SEARCH_USER_PATHS = NO;
				CLANG_ANALYZER_NONNULL = YES;
				CLANG_ANALYZER_NUMBER_OBJECT_CONVERSION = YES_AGGRESSIVE;
				CLANG_CXX_LANGUAGE_STANDARD = "gnu++17";
				CLANG_CXX_LIBRARY = "libc++";
				CLANG_ENABLE_MODULES = YES;
				CLANG_ENABLE_OBJC_ARC = YES;
				CLANG_ENABLE_OBJC_WEAK = YES;
				CLANG_WARN_BLOCK_CAPTURE_AUTORELEASING = YES;
				CLANG_WARN_BOOL_CONVERSION = YES;
				CLANG_WARN_COMMA = YES;
				CLANG_WARN_CONSTANT_CONVERSION = YES;
				CLANG_WARN_DEPRECATED_OBJC_IMPLEMENTATIONS = YES;
				CLANG_WARN_DIRECT_OBJC_ISA_USAGE = YES_ERROR;
				CLANG_WARN_DOCUMENTATION_COMMENTS = YES;
				CLANG_WARN_EMPTY_BODY = YES;
				CLANG_WARN_ENUM_CONVERSION = YES;
				CLANG_WARN_INFINITE_RECURSION = YES;
				CLANG_WARN_INT_CONVERSION = YES;
				CLANG_WARN_NON_LITERAL_NULL_CONVERSION = YES;
				CLANG_WARN_OBJC_IMPLICIT_RETAIN_SELF = YES;
				CLANG_WARN_OBJC_LITERAL_CONVERSION = YES;
				CLANG_WARN_OBJC_ROOT_CLASS = YES_ERROR;
				CLANG_WARN_QUOTED_INCLUDE_IN_FRAMEWORK_HEADER = YES;
				CLANG_WARN_RANGE_LOOP_ANALYSIS = YES;
				CLANG_WARN_STRICT_PROTOTYPES = YES;
				CLANG_WARN_SUSPICIOUS_MOVE = YES;
				CLANG_WARN_UNGUARDED_AVAILABILITY = YES_AGGRESSIVE;
				CLANG_WARN_UNREACHABLE_CODE = YES;
				CLANG_WARN__DUPLICATE_METHOD_MATCH = YES;
				COPY_PHASE_STRIP = NO;
				DEBUG_INFORMATION_FORMAT = "dwarf-with-dsym";
				ENABLE_NS_ASSERTIONS = NO;
				ENABLE_STRICT_OBJC_MSGSEND = YES;
				GCC_C_LANGUAGE_STANDARD = gnu11;
				GCC_NO_COMMON_BLOCKS = YES;
				GCC_WARN_64_TO_32_BIT_CONVERSION = YES;
				GCC_WARN_ABOUT_RETURN_TYPE = YES_ERROR;
				GCC_WARN_UNDECLARED_SELECTOR = YES;
				GCC_WARN_UNINITIALIZED_AUTOS = YES_AGGRESSIVE;
				GCC_WARN_UNUSED_FUNCTION = YES;
				GCC_WARN_UNUSED_VARIABLE = YES;
				IPHONEOS_DEPLOYMENT_TARGET = 15.0;
				MTL_ENABLE_DEBUG_INFO = NO;
				MTL_FAST_MATH = YES;
				SDKROOT = iphoneos;
				SWIFT_COMPILATION_MODE = wholemodule;
				SWIFT_OPTIMIZATION_LEVEL = "-O";
				VALIDATE_PRODUCT = YES;
			};
			name = Release;
		};
		552C6A18270560A100305CB9 /* Debug */ = {
			isa = XCBuildConfiguration;
			buildSettings = {
				ASSETCATALOG_COMPILER_APPICON_NAME = AppIcon;
				ASSETCATALOG_COMPILER_GLOBAL_ACCENT_COLOR_NAME = AccentColor;
				CODE_SIGN_STYLE = Automatic;
				CURRENT_PROJECT_VERSION = 1;
				DEVELOPMENT_TEAM = C89FEC543S;
				GENERATE_INFOPLIST_FILE = YES;
				INFOPLIST_FILE = MultipleProject/Info.plist;
				INFOPLIST_KEY_UIApplicationSupportsIndirectInputEvents = YES;
				INFOPLIST_KEY_UILaunchStoryboardName = LaunchScreen;
				INFOPLIST_KEY_UIMainStoryboardFile = Main;
				INFOPLIST_KEY_UISupportedInterfaceOrientations_iPad = "UIInterfaceOrientationPortrait UIInterfaceOrientationPortraitUpsideDown UIInterfaceOrientationLandscapeLeft UIInterfaceOrientationLandscapeRight";
				INFOPLIST_KEY_UISupportedInterfaceOrientations_iPhone = "UIInterfaceOrientationPortrait UIInterfaceOrientationLandscapeLeft UIInterfaceOrientationLandscapeRight";
				LD_RUNPATH_SEARCH_PATHS = (
					"$(inherited)",
					"@executable_path/Frameworks",
				);
				MARKETING_VERSION = 1.0;
				PRODUCT_BUNDLE_IDENTIFIER = AppleAcademy.MultipleProject;
				PRODUCT_NAME = "$(TARGET_NAME)";
				SWIFT_EMIT_LOC_STRINGS = YES;
				SWIFT_VERSION = 5.0;
				TARGETED_DEVICE_FAMILY = "1,2";
			};
			name = Debug;
		};
		552C6A19270560A100305CB9 /* Release */ = {
			isa = XCBuildConfiguration;
			buildSettings = {
				ASSETCATALOG_COMPILER_APPICON_NAME = AppIcon;
				ASSETCATALOG_COMPILER_GLOBAL_ACCENT_COLOR_NAME = AccentColor;
				CODE_SIGN_STYLE = Automatic;
				CURRENT_PROJECT_VERSION = 1;
				DEVELOPMENT_TEAM = C89FEC543S;
				GENERATE_INFOPLIST_FILE = YES;
				INFOPLIST_FILE = MultipleProject/Info.plist;
				INFOPLIST_KEY_UIApplicationSupportsIndirectInputEvents = YES;
				INFOPLIST_KEY_UILaunchStoryboardName = LaunchScreen;
				INFOPLIST_KEY_UIMainStoryboardFile = Main;
				INFOPLIST_KEY_UISupportedInterfaceOrientations_iPad = "UIInterfaceOrientationPortrait UIInterfaceOrientationPortraitUpsideDown UIInterfaceOrientationLandscapeLeft UIInterfaceOrientationLandscapeRight";
				INFOPLIST_KEY_UISupportedInterfaceOrientations_iPhone = "UIInterfaceOrientationPortrait UIInterfaceOrientationLandscapeLeft UIInterfaceOrientationLandscapeRight";
				LD_RUNPATH_SEARCH_PATHS = (
					"$(inherited)",
					"@executable_path/Frameworks",
				);
				MARKETING_VERSION = 1.0;
				PRODUCT_BUNDLE_IDENTIFIER = AppleAcademy.MultipleProject;
				PRODUCT_NAME = "$(TARGET_NAME)";
				SWIFT_EMIT_LOC_STRINGS = YES;
				SWIFT_VERSION = 5.0;
				TARGETED_DEVICE_FAMILY = "1,2";
			};
			name = Release;
		};
		552C6A1B270560A100305CB9 /* Debug */ = {
			isa = XCBuildConfiguration;
			buildSettings = {
				ALWAYS_EMBED_SWIFT_STANDARD_LIBRARIES = YES;
				BUNDLE_LOADER = "$(TEST_HOST)";
				CODE_SIGN_STYLE = Automatic;
				CURRENT_PROJECT_VERSION = 1;
				DEVELOPMENT_TEAM = C89FEC543S;
				GENERATE_INFOPLIST_FILE = YES;
				IPHONEOS_DEPLOYMENT_TARGET = 15.0;
				LD_RUNPATH_SEARCH_PATHS = (
					"$(inherited)",
					"@executable_path/Frameworks",
					"@loader_path/Frameworks",
				);
				MARKETING_VERSION = 1.0;
				PRODUCT_BUNDLE_IDENTIFIER = AppleAcademy.MultipleProjectTests;
				PRODUCT_NAME = "$(TARGET_NAME)";
				SWIFT_EMIT_LOC_STRINGS = NO;
				SWIFT_VERSION = 5.0;
				TARGETED_DEVICE_FAMILY = "1,2";
				TEST_HOST = "$(BUILT_PRODUCTS_DIR)/MultipleProject.app/MultipleProject";
			};
			name = Debug;
		};
		552C6A1C270560A100305CB9 /* Release */ = {
			isa = XCBuildConfiguration;
			buildSettings = {
				ALWAYS_EMBED_SWIFT_STANDARD_LIBRARIES = YES;
				BUNDLE_LOADER = "$(TEST_HOST)";
				CODE_SIGN_STYLE = Automatic;
				CURRENT_PROJECT_VERSION = 1;
				DEVELOPMENT_TEAM = C89FEC543S;
				GENERATE_INFOPLIST_FILE = YES;
				IPHONEOS_DEPLOYMENT_TARGET = 15.0;
				LD_RUNPATH_SEARCH_PATHS = (
					"$(inherited)",
					"@executable_path/Frameworks",
					"@loader_path/Frameworks",
				);
				MARKETING_VERSION = 1.0;
				PRODUCT_BUNDLE_IDENTIFIER = AppleAcademy.MultipleProjectTests;
				PRODUCT_NAME = "$(TARGET_NAME)";
				SWIFT_EMIT_LOC_STRINGS = NO;
				SWIFT_VERSION = 5.0;
				TARGETED_DEVICE_FAMILY = "1,2";
				TEST_HOST = "$(BUILT_PRODUCTS_DIR)/MultipleProject.app/MultipleProject";
			};
			name = Release;
		};
		552C6A1E270560A100305CB9 /* Debug */ = {
			isa = XCBuildConfiguration;
			buildSettings = {
				ALWAYS_EMBED_SWIFT_STANDARD_LIBRARIES = YES;
				CODE_SIGN_STYLE = Automatic;
				CURRENT_PROJECT_VERSION = 1;
				DEVELOPMENT_TEAM = C89FEC543S;
				GENERATE_INFOPLIST_FILE = YES;
				LD_RUNPATH_SEARCH_PATHS = (
					"$(inherited)",
					"@executable_path/Frameworks",
					"@loader_path/Frameworks",
				);
				MARKETING_VERSION = 1.0;
				PRODUCT_BUNDLE_IDENTIFIER = AppleAcademy.MultipleProjectUITests;
				PRODUCT_NAME = "$(TARGET_NAME)";
				SWIFT_EMIT_LOC_STRINGS = NO;
				SWIFT_VERSION = 5.0;
				TARGETED_DEVICE_FAMILY = "1,2";
				TEST_TARGET_NAME = MultipleProject;
			};
			name = Debug;
		};
		552C6A1F270560A100305CB9 /* Release */ = {
			isa = XCBuildConfiguration;
			buildSettings = {
				ALWAYS_EMBED_SWIFT_STANDARD_LIBRARIES = YES;
				CODE_SIGN_STYLE = Automatic;
				CURRENT_PROJECT_VERSION = 1;
				DEVELOPMENT_TEAM = C89FEC543S;
				GENERATE_INFOPLIST_FILE = YES;
				LD_RUNPATH_SEARCH_PATHS = (
					"$(inherited)",
					"@executable_path/Frameworks",
					"@loader_path/Frameworks",
				);
				MARKETING_VERSION = 1.0;
				PRODUCT_BUNDLE_IDENTIFIER = AppleAcademy.MultipleProjectUITests;
				PRODUCT_NAME = "$(TARGET_NAME)";
				SWIFT_EMIT_LOC_STRINGS = NO;
				SWIFT_VERSION = 5.0;
				TARGETED_DEVICE_FAMILY = "1,2";
				TEST_TARGET_NAME = MultipleProject;
			};
			name = Release;
		};
/* End XCBuildConfiguration section */

/* Begin XCConfigurationList section */
		552C69E8270560A000305CB9 /* Build configuration list for PBXProject "MultipleProject" */ = {
			isa = XCConfigurationList;
			buildConfigurations = (
				552C6A15270560A100305CB9 /* Debug */,
				552C6A16270560A100305CB9 /* Release */,
			);
			defaultConfigurationIsVisible = 0;
			defaultConfigurationName = Release;
		};
		552C6A17270560A100305CB9 /* Build configuration list for PBXNativeTarget "MultipleProject" */ = {
			isa = XCConfigurationList;
			buildConfigurations = (
				552C6A18270560A100305CB9 /* Debug */,
				552C6A19270560A100305CB9 /* Release */,
			);
			defaultConfigurationIsVisible = 0;
			defaultConfigurationName = Release;
		};
		552C6A1A270560A100305CB9 /* Build configuration list for PBXNativeTarget "MultipleProjectTests" */ = {
			isa = XCConfigurationList;
			buildConfigurations = (
				552C6A1B270560A100305CB9 /* Debug */,
				552C6A1C270560A100305CB9 /* Release */,
			);
			defaultConfigurationIsVisible = 0;
			defaultConfigurationName = Release;
		};
		552C6A1D270560A100305CB9 /* Build configuration list for PBXNativeTarget "MultipleProjectUITests" */ = {
			isa = XCConfigurationList;
			buildConfigurations = (
				552C6A1E270560A100305CB9 /* Debug */,
				552C6A1F270560A100305CB9 /* Release */,
			);
			defaultConfigurationIsVisible = 0;
			defaultConfigurationName = Release;
		};
/* End XCConfigurationList section */
	};
	rootObject = 552C69E5270560A000305CB9 /* Project object */;
}
